
Microsoft Visual Studio Solution File, Format Version 12.00
# Visual Studio 15
VisualStudioVersion = 15.0.27004.2002
MinimumVisualStudioVersion = 10.0.40219.1
Project("{FAE04EC0-301F-11D3-BF4B-00C04F79EFBC}") = "AkkaNetDemo.Models", "AkkaNetDemo.Models\AkkaNetDemo.Models.csproj", "{5E443AFB-11E1-45E3-B999-AA525350E4F4}"
EndProject
Project("{FAE04EC0-301F-11D3-BF4B-00C04F79EFBC}") = "AkkaNetDemo.Actors", "AkkaNetDemo.Actors\AkkaNetDemo.Actors.csproj", "{FBEE17FA-9895-4DA9-8CEB-6C29416823C6}"
EndProject
Project("{FAE04EC0-301F-11D3-BF4B-00C04F79EFBC}") = "AkkaNetDemo.Tests", "AkkaNetDemo.Tests\AkkaNetDemo.Tests.csproj", "{7EE8A670-4727-4167-BE73-D66D0D786555}"
EndProject
Project("{FAE04EC0-301F-11D3-BF4B-00C04F79EFBC}") = "AkkaNetDemo.SampleClient", "AkkaNetDemo.SampleClient\AkkaNetDemo.SampleClient.csproj", "{D1F0A480-B859-4575-9C3A-484D02B3696B}"
EndProject
Project("{FAE04EC0-301F-11D3-BF4B-00C04F79EFBC}") = "AkkaDemo.Service", "AkkaDemo.Service\AkkaDemo.Service.csproj", "{BCA63D75-D9FA-419E-BBF4-1D59668BB72C}"
EndProject
Global
	GlobalSection(SolutionConfigurationPlatforms) = preSolution
		Debug|Any CPU = Debug|Any CPU
		Release|Any CPU = Release|Any CPU
	EndGlobalSection
	GlobalSection(ProjectConfigurationPlatforms) = postSolution
		{5E443AFB-11E1-45E3-B999-AA525350E4F4}.Debug|Any CPU.ActiveCfg = Debug|Any CPU
		{5E443AFB-11E1-45E3-B999-AA525350E4F4}.Debug|Any CPU.Build.0 = Debug|Any CPU
		{5E443AFB-11E1-45E3-B999-AA525350E4F4}.Release|Any CPU.ActiveCfg = Release|Any CPU
		{5E443AFB-11E1-45E3-B999-AA525350E4F4}.Release|Any CPU.Build.0 = Release|Any CPU
		{FBEE17FA-9895-4DA9-8CEB-6C29416823C6}.Debug|Any CPU.ActiveCfg = Debug|Any CPU
		{FBEE17FA-9895-4DA9-8CEB-6C29416823C6}.Debug|Any CPU.Build.0 = Debug|Any CPU
		{FBEE17FA-9895-4DA9-8CEB-6C29416823C6}.Release|Any CPU.ActiveCfg = Release|Any CPU
		{FBEE17FA-9895-4DA9-8CEB-6C29416823C6}.Release|Any CPU.Build.0 = Release|Any CPU
		{7EE8A670-4727-4167-BE73-D66D0D786555}.Debug|Any CPU.ActiveCfg = Debug|Any CPU
		{7EE8A670-4727-4167-BE73-D66D0D786555}.Debug|Any CPU.Build.0 = Debug|Any CPU
		{7EE8A670-4727-4167-BE73-D66D0D786555}.Release|Any CPU.ActiveCfg = Release|Any CPU
		{7EE8A670-4727-4167-BE73-D66D0D786555}.Release|Any CPU.Build.0 = Release|Any CPU
		{D1F0A480-B859-4575-9C3A-484D02B3696B}.Debug|Any CPU.ActiveCfg = Debug|Any CPU
		{D1F0A480-B859-4575-9C3A-484D02B3696B}.Debug|Any CPU.Build.0 = Debug|Any CPU
		{D1F0A480-B859-4575-9C3A-484D02B3696B}.Release|Any CPU.ActiveCfg = Release|Any CPU
		{D1F0A480-B859-4575-9C3A-484D02B3696B}.Release|Any CPU.Build.0 = Release|Any CPU
		{BCA63D75-D9FA-419E-BBF4-1D59668BB72C}.Debug|Any CPU.ActiveCfg = Debug|Any CPU
		{BCA63D75-D9FA-419E-BBF4-1D59668BB72C}.Debug|Any CPU.Build.0 = Debug|Any CPU
		{BCA63D75-D9FA-419E-BBF4-1D59668BB72C}.Release|Any CPU.ActiveCfg = Release|Any CPU
		{BCA63D75-D9FA-419E-BBF4-1D59668BB72C}.Release|Any CPU.Build.0 = Release|Any CPU
	EndGlobalSection
	GlobalSection(SolutionProperties) = preSolution
		HideSolutionNode = FALSE
	EndGlobalSection
	GlobalSection(ExtensibilityGlobals) = postSolution
		SolutionGuid = {06FAB4FD-7F4F-43F2-BCDA-C17B16EC40EA}
	EndGlobalSection
EndGlobal
